// !$*UTF8*$!
{
	archiveVersion = 1;
	classes = {
	};
	objectVersion = 48;
	objects = {

/* Begin PBXBuildFile section */
		23AAEDC81F9ED1130055702B /* Assets.xcassets in Resources */ = {isa = PBXBuildFile; fileRef = 23AAEDC71F9ED1130055702B /* Assets.xcassets */; };
		23AAEDCB1F9ED1130055702B /* LaunchScreen.storyboard in Resources */ = {isa = PBXBuildFile; fileRef = 23AAEDC91F9ED1130055702B /* LaunchScreen.storyboard */; };
		23AAEDD61F9ED1130055702B /* TODO_Part3Tests.swift in Sources */ = {isa = PBXBuildFile; fileRef = 23AAEDD51F9ED1130055702B /* TODO_Part3Tests.swift */; };
		23AAEDE11F9ED1130055702B /* TODO_Part3UITests.swift in Sources */ = {isa = PBXBuildFile; fileRef = 23AAEDE01F9ED1130055702B /* TODO_Part3UITests.swift */; };
		8E01C7831FBC15A6001534D9 /* CreateStatusProtocol.swift in Sources */ = {isa = PBXBuildFile; fileRef = 8E01C7821FBC15A6001534D9 /* CreateStatusProtocol.swift */; };
		8E01C7851FBC169D001534D9 /* CreateStatusPresenterIpm.swift in Sources */ = {isa = PBXBuildFile; fileRef = 8E01C7841FBC169D001534D9 /* CreateStatusPresenterIpm.swift */; };
		8E01C7871FBC1CA3001534D9 /* ListViewController.swift in Sources */ = {isa = PBXBuildFile; fileRef = 8E01C7861FBC1CA3001534D9 /* ListViewController.swift */; };
		8E01C78C1FBC20FF001534D9 /* ListPresenter.swift in Sources */ = {isa = PBXBuildFile; fileRef = 8E01C78B1FBC20FF001534D9 /* ListPresenter.swift */; };
		8E022F411FB3F93200CDE9EF /* navibackground.png in Resources */ = {isa = PBXBuildFile; fileRef = 8E022F3A1FB3F92F00CDE9EF /* navibackground.png */; };
		8E022F421FB3F93200CDE9EF /* work.png in Resources */ = {isa = PBXBuildFile; fileRef = 8E022F3B1FB3F93000CDE9EF /* work.png */; };
		8E022F431FB3F93200CDE9EF /* close.png in Resources */ = {isa = PBXBuildFile; fileRef = 8E022F3C1FB3F93000CDE9EF /* close.png */; };
		8E022F441FB3F93200CDE9EF /* food.png in Resources */ = {isa = PBXBuildFile; fileRef = 8E022F3D1FB3F93000CDE9EF /* food.png */; };
		8E022F451FB3F93200CDE9EF /* setting.png in Resources */ = {isa = PBXBuildFile; fileRef = 8E022F3E1FB3F93100CDE9EF /* setting.png */; };
		8E022F461FB3F93200CDE9EF /* logout.png in Resources */ = {isa = PBXBuildFile; fileRef = 8E022F3F1FB3F93100CDE9EF /* logout.png */; };
		8E022F471FB3F93200CDE9EF /* vacation.png in Resources */ = {isa = PBXBuildFile; fileRef = 8E022F401FB3F93200CDE9EF /* vacation.png */; };
		8E110C5C1FA33E5A005A661C /* Main.storyboard in Resources */ = {isa = PBXBuildFile; fileRef = 8E110C5A1FA33E59005A661C /* Main.storyboard */; };
		8E14FB221FBD24E800DBFEFF /* StatusCell.swift in Sources */ = {isa = PBXBuildFile; fileRef = 8E14FB211FBD24E800DBFEFF /* StatusCell.swift */; };
		8E1AAE321FBD8D43008979CB /* NavigationPresenter.swift in Sources */ = {isa = PBXBuildFile; fileRef = 8E1AAE311FBD8D43008979CB /* NavigationPresenter.swift */; };
		8E1AAE361FBD8F83008979CB /* NavigationCell.swift in Sources */ = {isa = PBXBuildFile; fileRef = 8E1AAE351FBD8F83008979CB /* NavigationCell.swift */; };
		8E1D85781FA2C74600284F3A /* HeaderBackground.png in Resources */ = {isa = PBXBuildFile; fileRef = 8E1D85741FA2C74600284F3A /* HeaderBackground.png */; };
		8E1D85791FA2C74600284F3A /* background.png in Resources */ = {isa = PBXBuildFile; fileRef = 8E1D85751FA2C74600284F3A /* background.png */; };
		8E1D857A1FA2C74600284F3A /* logo.png in Resources */ = {isa = PBXBuildFile; fileRef = 8E1D85761FA2C74600284F3A /* logo.png */; };
		8E1D857B1FA2C74600284F3A /* AddButton.png in Resources */ = {isa = PBXBuildFile; fileRef = 8E1D85771FA2C74600284F3A /* AddButton.png */; };
		8E4054D71FB9352E00803F89 /* CreateStatusViewController.swift in Sources */ = {isa = PBXBuildFile; fileRef = 8E4054D61FB9352E00803F89 /* CreateStatusViewController.swift */; };
		8E4054DC1FB999D100803F89 /* GroupsViewController.swift in Sources */ = {isa = PBXBuildFile; fileRef = 8E4054DA1FB999D100803F89 /* GroupsViewController.swift */; };
		8E4054E21FB99EEC00803F89 /* CategoryPresenter.swift in Sources */ = {isa = PBXBuildFile; fileRef = 8E4054E11FB99EEC00803F89 /* CategoryPresenter.swift */; };
		8E52DA741FBE76B200C352C3 /* ProfileViewController.swift in Sources */ = {isa = PBXBuildFile; fileRef = 8E52DA731FBE76B200C352C3 /* ProfileViewController.swift */; };
		8E52DA761FBE76F300C352C3 /* ItemProfileCell.swift in Sources */ = {isa = PBXBuildFile; fileRef = 8E52DA751FBE76F300C352C3 /* ItemProfileCell.swift */; };
		8E52DA781FBE7A5B00C352C3 /* ProfilePresenter.swift in Sources */ = {isa = PBXBuildFile; fileRef = 8E52DA771FBE7A5B00C352C3 /* ProfilePresenter.swift */; };
		8E52DA7A1FBE8A9800C352C3 /* SettingViewController.swift in Sources */ = {isa = PBXBuildFile; fileRef = 8E52DA791FBE8A9800C352C3 /* SettingViewController.swift */; };
		8E52DA7C1FBE914900C352C3 /* SettingPresenterImp.swift in Sources */ = {isa = PBXBuildFile; fileRef = 8E52DA7B1FBE914900C352C3 /* SettingPresenterImp.swift */; };
		8E52DA7E1FBE974400C352C3 /* SettingTableViewController.swift in Sources */ = {isa = PBXBuildFile; fileRef = 8E52DA7D1FBE974400C352C3 /* SettingTableViewController.swift */; };
		8E52DA801FBEC2E700C352C3 /* SettingProtocol.swift in Sources */ = {isa = PBXBuildFile; fileRef = 8E52DA7F1FBEC2E700C352C3 /* SettingProtocol.swift */; };
		8E6868681FBACFE600AC2F55 /* CategoryObject.swift in Sources */ = {isa = PBXBuildFile; fileRef = 8E6868671FBACFE600AC2F55 /* CategoryObject.swift */; };
		8E7865DB1FA9A45300EF82DD /* BaseLocalData.swift in Sources */ = {isa = PBXBuildFile; fileRef = 8E7865DA1FA9A45300EF82DD /* BaseLocalData.swift */; };
		8E7865E01FA9B58A00EF82DD /* avatar.png in Resources */ = {isa = PBXBuildFile; fileRef = 8E7865DD1FA9B58900EF82DD /* avatar.png */; };
		8E7865E11FA9B58A00EF82DD /* homeBackground.png in Resources */ = {isa = PBXBuildFile; fileRef = 8E7865DE1FA9B58A00EF82DD /* homeBackground.png */; };
		8E7865E21FA9B58A00EF82DD /* dateBackground.png in Resources */ = {isa = PBXBuildFile; fileRef = 8E7865DF1FA9B58A00EF82DD /* dateBackground.png */; };
		8E7865E41FA9B85F00EF82DD /* icon-menu.png in Resources */ = {isa = PBXBuildFile; fileRef = 8E7865E31FA9B85E00EF82DD /* icon-menu.png */; };
		8E7865E71FA9BCAB00EF82DD /* notiBackground.png in Resources */ = {isa = PBXBuildFile; fileRef = 8E7865E51FA9BCAB00EF82DD /* notiBackground.png */; };
		8E7865EA1FA9BDA000EF82DD /* icon-disclosure.png in Resources */ = {isa = PBXBuildFile; fileRef = 8E7865E91FA9BDA000EF82DD /* icon-disclosure.png */; };
		8E7865ED1FA9CA4900EF82DD /* HomeViewController.swift in Sources */ = {isa = PBXBuildFile; fileRef = 8E7865EC1FA9CA4900EF82DD /* HomeViewController.swift */; };
		8E7F514B1FB0602800ABD7DD /* SignInContract.swift in Sources */ = {isa = PBXBuildFile; fileRef = 8E7F51491FB0602700ABD7DD /* SignInContract.swift */; };
		8E7F514C1FB0602800ABD7DD /* SignInPresenterIpm.swift in Sources */ = {isa = PBXBuildFile; fileRef = 8E7F514A1FB0602700ABD7DD /* SignInPresenterIpm.swift */; };
		8E962F1C1FC2872300E2F236 /* CalendarController.swift in Sources */ = {isa = PBXBuildFile; fileRef = 8E962F171FC2872300E2F236 /* CalendarController.swift */; };
		8E962F1D1FC2872300E2F236 /* CalenderView.swift in Sources */ = {isa = PBXBuildFile; fileRef = 8E962F181FC2872300E2F236 /* CalenderView.swift */; };
		8E962F1E1FC2872300E2F236 /* MonthView.swift in Sources */ = {isa = PBXBuildFile; fileRef = 8E962F191FC2872300E2F236 /* MonthView.swift */; };
		8E962F201FC2872300E2F236 /* WeekDaysView.swift in Sources */ = {isa = PBXBuildFile; fileRef = 8E962F1B1FC2872300E2F236 /* WeekDaysView.swift */; };
		8E9EE5651FBA8F600023E00A /* CategoryCell.swift in Sources */ = {isa = PBXBuildFile; fileRef = 8E9EE5631FBA8F600023E00A /* CategoryCell.swift */; };
		8EA212241FC3C8D40094EBC6 /* CalendarContainerViewController.swift in Sources */ = {isa = PBXBuildFile; fileRef = 8EA212231FC3C8D40094EBC6 /* CalendarContainerViewController.swift */; };
		8EBA95091FB5416900674EB3 /* TblStatus.swift in Sources */ = {isa = PBXBuildFile; fileRef = 8EBA95081FB5416900674EB3 /* TblStatus.swift */; };
		8EBA950D1FB5455300674EB3 /* StatusLocalDataImp.swift in Sources */ = {isa = PBXBuildFile; fileRef = 8EBA950C1FB5455300674EB3 /* StatusLocalDataImp.swift */; };
		8EBAFDE51FA2D49F00B8C40E /* SignUpViewController.swift in Sources */ = {isa = PBXBuildFile; fileRef = 8EBAFDE41FA2D49F00B8C40E /* SignUpViewController.swift */; };
		8EBAFDE71FA2D4A700B8C40E /* SignInViewController.swift in Sources */ = {isa = PBXBuildFile; fileRef = 8EBAFDE61FA2D4A700B8C40E /* SignInViewController.swift */; };
		8EBAFE391FA2EA2700B8C40E /* HoshiTextField.swift in Sources */ = {isa = PBXBuildFile; fileRef = 8EBAFE361FA2EA2700B8C40E /* HoshiTextField.swift */; };
		8EBAFE3A1FA2EA2700B8C40E /* TextFieldEffects.swift in Sources */ = {isa = PBXBuildFile; fileRef = 8EBAFE371FA2EA2700B8C40E /* TextFieldEffects.swift */; };
		8EBF80CF1FBAF9840016959E /* CreateContainerViewController.swift in Sources */ = {isa = PBXBuildFile; fileRef = 8EBF80CE1FBAF9840016959E /* CreateContainerViewController.swift */; };
		8ECD60471FA720D600133F5A /* TblAccount.swift in Sources */ = {isa = PBXBuildFile; fileRef = 8ECD60461FA720D600133F5A /* TblAccount.swift */; };
		8ECD604D1FA7210F00133F5A /* TODO_Part3.xcdatamodeld in Sources */ = {isa = PBXBuildFile; fileRef = 8ECD60491FA7210F00133F5A /* TODO_Part3.xcdatamodeld */; };
		8ECD604E1FA7210F00133F5A /* CoreDataProtocol.swift in Sources */ = {isa = PBXBuildFile; fileRef = 8ECD604B1FA7210F00133F5A /* CoreDataProtocol.swift */; };
		8ECD604F1FA7210F00133F5A /* AccountLocalDataImp.swift in Sources */ = {isa = PBXBuildFile; fileRef = 8ECD604C1FA7210F00133F5A /* AccountLocalDataImp.swift */; };
		8ECD60521FA7217600133F5A /* SignUpPresenterImp.swift in Sources */ = {isa = PBXBuildFile; fileRef = 8ECD60501FA7217600133F5A /* SignUpPresenterImp.swift */; };
		8ECD60531FA7217600133F5A /* SignUpContract.swift in Sources */ = {isa = PBXBuildFile; fileRef = 8ECD60511FA7217600133F5A /* SignUpContract.swift */; };
		8ECD60551FA721C100133F5A /* AppDelegate.swift in Sources */ = {isa = PBXBuildFile; fileRef = 8ECD60541FA721C000133F5A /* AppDelegate.swift */; };
/* End PBXBuildFile section */

/* Begin PBXContainerItemProxy section */
		23AAEDD21F9ED1130055702B /* PBXContainerItemProxy */ = {
			isa = PBXContainerItemProxy;
			containerPortal = 23AAEDB51F9ED1120055702B /* Project object */;
			proxyType = 1;
			remoteGlobalIDString = 23AAEDBC1F9ED1120055702B;
			remoteInfo = "TODO-Part3";
		};
		23AAEDDD1F9ED1130055702B /* PBXContainerItemProxy */ = {
			isa = PBXContainerItemProxy;
			containerPortal = 23AAEDB51F9ED1120055702B /* Project object */;
			proxyType = 1;
			remoteGlobalIDString = 23AAEDBC1F9ED1120055702B;
			remoteInfo = "TODO-Part3";
		};
/* End PBXContainerItemProxy section */

/* Begin PBXFileReference section */
		23AAEDBD1F9ED1120055702B /* TODO-Part3.app */ = {isa = PBXFileReference; explicitFileType = wrapper.application; includeInIndex = 0; path = "TODO-Part3.app"; sourceTree = BUILT_PRODUCTS_DIR; };
		23AAEDC71F9ED1130055702B /* Assets.xcassets */ = {isa = PBXFileReference; lastKnownFileType = folder.assetcatalog; path = Assets.xcassets; sourceTree = "<group>"; };
		23AAEDCA1F9ED1130055702B /* Base */ = {isa = PBXFileReference; lastKnownFileType = file.storyboard; name = Base; path = Base.lproj/LaunchScreen.storyboard; sourceTree = "<group>"; };
		23AAEDCC1F9ED1130055702B /* Info.plist */ = {isa = PBXFileReference; lastKnownFileType = text.plist.xml; path = Info.plist; sourceTree = "<group>"; };
		23AAEDD11F9ED1130055702B /* TODO-Part3Tests.xctest */ = {isa = PBXFileReference; explicitFileType = wrapper.cfbundle; includeInIndex = 0; path = "TODO-Part3Tests.xctest"; sourceTree = BUILT_PRODUCTS_DIR; };
		23AAEDD51F9ED1130055702B /* TODO_Part3Tests.swift */ = {isa = PBXFileReference; lastKnownFileType = sourcecode.swift; path = TODO_Part3Tests.swift; sourceTree = "<group>"; };
		23AAEDD71F9ED1130055702B /* Info.plist */ = {isa = PBXFileReference; lastKnownFileType = text.plist.xml; path = Info.plist; sourceTree = "<group>"; };
		23AAEDDC1F9ED1130055702B /* TODO-Part3UITests.xctest */ = {isa = PBXFileReference; explicitFileType = wrapper.cfbundle; includeInIndex = 0; path = "TODO-Part3UITests.xctest"; sourceTree = BUILT_PRODUCTS_DIR; };
		23AAEDE01F9ED1130055702B /* TODO_Part3UITests.swift */ = {isa = PBXFileReference; lastKnownFileType = sourcecode.swift; path = TODO_Part3UITests.swift; sourceTree = "<group>"; };
		23AAEDE21F9ED1130055702B /* Info.plist */ = {isa = PBXFileReference; lastKnownFileType = text.plist.xml; path = Info.plist; sourceTree = "<group>"; };
		8E01C7821FBC15A6001534D9 /* CreateStatusProtocol.swift */ = {isa = PBXFileReference; lastKnownFileType = sourcecode.swift; path = CreateStatusProtocol.swift; sourceTree = "<group>"; };
		8E01C7841FBC169D001534D9 /* CreateStatusPresenterIpm.swift */ = {isa = PBXFileReference; lastKnownFileType = sourcecode.swift; path = CreateStatusPresenterIpm.swift; sourceTree = "<group>"; };
		8E01C7861FBC1CA3001534D9 /* ListViewController.swift */ = {isa = PBXFileReference; lastKnownFileType = sourcecode.swift; path = ListViewController.swift; sourceTree = "<group>"; };
		8E01C78B1FBC20FF001534D9 /* ListPresenter.swift */ = {isa = PBXFileReference; lastKnownFileType = sourcecode.swift; path = ListPresenter.swift; sourceTree = "<group>"; };
		8E022F3A1FB3F92F00CDE9EF /* navibackground.png */ = {isa = PBXFileReference; lastKnownFileType = image.png; path = navibackground.png; sourceTree = "<group>"; };
		8E022F3B1FB3F93000CDE9EF /* work.png */ = {isa = PBXFileReference; lastKnownFileType = image.png; path = work.png; sourceTree = "<group>"; };
		8E022F3C1FB3F93000CDE9EF /* close.png */ = {isa = PBXFileReference; lastKnownFileType = image.png; path = close.png; sourceTree = "<group>"; };
		8E022F3D1FB3F93000CDE9EF /* food.png */ = {isa = PBXFileReference; lastKnownFileType = image.png; path = food.png; sourceTree = "<group>"; };
		8E022F3E1FB3F93100CDE9EF /* setting.png */ = {isa = PBXFileReference; lastKnownFileType = image.png; path = setting.png; sourceTree = "<group>"; };
		8E022F3F1FB3F93100CDE9EF /* logout.png */ = {isa = PBXFileReference; lastKnownFileType = image.png; path = logout.png; sourceTree = "<group>"; };
		8E022F401FB3F93200CDE9EF /* vacation.png */ = {isa = PBXFileReference; lastKnownFileType = image.png; path = vacation.png; sourceTree = "<group>"; };
		8E110C5B1FA33E59005A661C /* Base */ = {isa = PBXFileReference; lastKnownFileType = file.storyboard; name = Base; path = Base.lproj/Main.storyboard; sourceTree = "<group>"; };
		8E14FB211FBD24E800DBFEFF /* StatusCell.swift */ = {isa = PBXFileReference; lastKnownFileType = sourcecode.swift; path = StatusCell.swift; sourceTree = "<group>"; };
		8E1AAE311FBD8D43008979CB /* NavigationPresenter.swift */ = {isa = PBXFileReference; lastKnownFileType = sourcecode.swift; path = NavigationPresenter.swift; sourceTree = "<group>"; };
		8E1AAE351FBD8F83008979CB /* NavigationCell.swift */ = {isa = PBXFileReference; lastKnownFileType = sourcecode.swift; path = NavigationCell.swift; sourceTree = "<group>"; };
		8E1D85741FA2C74600284F3A /* HeaderBackground.png */ = {isa = PBXFileReference; lastKnownFileType = image.png; path = HeaderBackground.png; sourceTree = "<group>"; };
		8E1D85751FA2C74600284F3A /* background.png */ = {isa = PBXFileReference; lastKnownFileType = image.png; path = background.png; sourceTree = "<group>"; };
		8E1D85761FA2C74600284F3A /* logo.png */ = {isa = PBXFileReference; lastKnownFileType = image.png; path = logo.png; sourceTree = "<group>"; };
		8E1D85771FA2C74600284F3A /* AddButton.png */ = {isa = PBXFileReference; lastKnownFileType = image.png; path = AddButton.png; sourceTree = "<group>"; };
		8E4054D61FB9352E00803F89 /* CreateStatusViewController.swift */ = {isa = PBXFileReference; lastKnownFileType = sourcecode.swift; path = CreateStatusViewController.swift; sourceTree = "<group>"; };
		8E4054DA1FB999D100803F89 /* GroupsViewController.swift */ = {isa = PBXFileReference; fileEncoding = 4; lastKnownFileType = sourcecode.swift; path = GroupsViewController.swift; sourceTree = "<group>"; };
		8E4054E11FB99EEC00803F89 /* CategoryPresenter.swift */ = {isa = PBXFileReference; lastKnownFileType = sourcecode.swift; path = CategoryPresenter.swift; sourceTree = "<group>"; };
		8E52DA731FBE76B200C352C3 /* ProfileViewController.swift */ = {isa = PBXFileReference; lastKnownFileType = sourcecode.swift; path = ProfileViewController.swift; sourceTree = "<group>"; };
		8E52DA751FBE76F300C352C3 /* ItemProfileCell.swift */ = {isa = PBXFileReference; lastKnownFileType = sourcecode.swift; path = ItemProfileCell.swift; sourceTree = "<group>"; };
		8E52DA771FBE7A5B00C352C3 /* ProfilePresenter.swift */ = {isa = PBXFileReference; lastKnownFileType = sourcecode.swift; path = ProfilePresenter.swift; sourceTree = "<group>"; };
		8E52DA791FBE8A9800C352C3 /* SettingViewController.swift */ = {isa = PBXFileReference; lastKnownFileType = sourcecode.swift; path = SettingViewController.swift; sourceTree = "<group>"; };
		8E52DA7B1FBE914900C352C3 /* SettingPresenterImp.swift */ = {isa = PBXFileReference; lastKnownFileType = sourcecode.swift; path = SettingPresenterImp.swift; sourceTree = "<group>"; };
		8E52DA7D1FBE974400C352C3 /* SettingTableViewController.swift */ = {isa = PBXFileReference; lastKnownFileType = sourcecode.swift; path = SettingTableViewController.swift; sourceTree = "<group>"; };
		8E52DA7F1FBEC2E700C352C3 /* SettingProtocol.swift */ = {isa = PBXFileReference; lastKnownFileType = sourcecode.swift; path = SettingProtocol.swift; sourceTree = "<group>"; };
		8E6868671FBACFE600AC2F55 /* CategoryObject.swift */ = {isa = PBXFileReference; fileEncoding = 4; lastKnownFileType = sourcecode.swift; path = CategoryObject.swift; sourceTree = "<group>"; };
		8E7865DA1FA9A45300EF82DD /* BaseLocalData.swift */ = {isa = PBXFileReference; lastKnownFileType = sourcecode.swift; path = BaseLocalData.swift; sourceTree = "<group>"; };
		8E7865DD1FA9B58900EF82DD /* avatar.png */ = {isa = PBXFileReference; lastKnownFileType = image.png; path = avatar.png; sourceTree = "<group>"; };
		8E7865DE1FA9B58A00EF82DD /* homeBackground.png */ = {isa = PBXFileReference; lastKnownFileType = image.png; path = homeBackground.png; sourceTree = "<group>"; };
		8E7865DF1FA9B58A00EF82DD /* dateBackground.png */ = {isa = PBXFileReference; lastKnownFileType = image.png; path = dateBackground.png; sourceTree = "<group>"; };
		8E7865E31FA9B85E00EF82DD /* icon-menu.png */ = {isa = PBXFileReference; lastKnownFileType = image.png; path = "icon-menu.png"; sourceTree = "<group>"; };
		8E7865E51FA9BCAB00EF82DD /* notiBackground.png */ = {isa = PBXFileReference; lastKnownFileType = image.png; path = notiBackground.png; sourceTree = "<group>"; };
		8E7865E91FA9BDA000EF82DD /* icon-disclosure.png */ = {isa = PBXFileReference; lastKnownFileType = image.png; path = "icon-disclosure.png"; sourceTree = "<group>"; };
		8E7865EC1FA9CA4900EF82DD /* HomeViewController.swift */ = {isa = PBXFileReference; lastKnownFileType = sourcecode.swift; path = HomeViewController.swift; sourceTree = "<group>"; };
		8E7F51491FB0602700ABD7DD /* SignInContract.swift */ = {isa = PBXFileReference; fileEncoding = 4; lastKnownFileType = sourcecode.swift; path = SignInContract.swift; sourceTree = "<group>"; };
		8E7F514A1FB0602700ABD7DD /* SignInPresenterIpm.swift */ = {isa = PBXFileReference; fileEncoding = 4; lastKnownFileType = sourcecode.swift; path = SignInPresenterIpm.swift; sourceTree = "<group>"; };
		8E962F171FC2872300E2F236 /* CalendarController.swift */ = {isa = PBXFileReference; fileEncoding = 4; lastKnownFileType = sourcecode.swift; path = CalendarController.swift; sourceTree = "<group>"; };
		8E962F181FC2872300E2F236 /* CalenderView.swift */ = {isa = PBXFileReference; fileEncoding = 4; lastKnownFileType = sourcecode.swift; path = CalenderView.swift; sourceTree = "<group>"; };
		8E962F191FC2872300E2F236 /* MonthView.swift */ = {isa = PBXFileReference; fileEncoding = 4; lastKnownFileType = sourcecode.swift; path = MonthView.swift; sourceTree = "<group>"; };
		8E962F1B1FC2872300E2F236 /* WeekDaysView.swift */ = {isa = PBXFileReference; fileEncoding = 4; lastKnownFileType = sourcecode.swift; path = WeekDaysView.swift; sourceTree = "<group>"; };
		8E9EE5631FBA8F600023E00A /* CategoryCell.swift */ = {isa = PBXFileReference; lastKnownFileType = sourcecode.swift; path = CategoryCell.swift; sourceTree = "<group>"; };
		8EA212231FC3C8D40094EBC6 /* CalendarContainerViewController.swift */ = {isa = PBXFileReference; fileEncoding = 4; lastKnownFileType = sourcecode.swift; path = CalendarContainerViewController.swift; sourceTree = "<group>"; };
		8EBA95081FB5416900674EB3 /* TblStatus.swift */ = {isa = PBXFileReference; lastKnownFileType = sourcecode.swift; path = TblStatus.swift; sourceTree = "<group>"; };
		8EBA950C1FB5455300674EB3 /* StatusLocalDataImp.swift */ = {isa = PBXFileReference; lastKnownFileType = sourcecode.swift; path = StatusLocalDataImp.swift; sourceTree = "<group>"; };
		8EBAFDE41FA2D49F00B8C40E /* SignUpViewController.swift */ = {isa = PBXFileReference; fileEncoding = 4; lastKnownFileType = sourcecode.swift; path = SignUpViewController.swift; sourceTree = "<group>"; };
		8EBAFDE61FA2D4A700B8C40E /* SignInViewController.swift */ = {isa = PBXFileReference; fileEncoding = 4; lastKnownFileType = sourcecode.swift; path = SignInViewController.swift; sourceTree = "<group>"; };
		8EBAFE361FA2EA2700B8C40E /* HoshiTextField.swift */ = {isa = PBXFileReference; fileEncoding = 4; lastKnownFileType = sourcecode.swift; name = HoshiTextField.swift; path = TextFieldEffects/HoshiTextField.swift; sourceTree = SOURCE_ROOT; };
		8EBAFE371FA2EA2700B8C40E /* TextFieldEffects.swift */ = {isa = PBXFileReference; fileEncoding = 4; lastKnownFileType = sourcecode.swift; name = TextFieldEffects.swift; path = TextFieldEffects/TextFieldEffects.swift; sourceTree = SOURCE_ROOT; };
		8EBAFE381FA2EA2700B8C40E /* TextFieldEffects.h */ = {isa = PBXFileReference; fileEncoding = 4; lastKnownFileType = sourcecode.c.h; name = TextFieldEffects.h; path = TextFieldEffects/TextFieldEffects.h; sourceTree = SOURCE_ROOT; };
		8EBF80CE1FBAF9840016959E /* CreateContainerViewController.swift */ = {isa = PBXFileReference; lastKnownFileType = sourcecode.swift; path = CreateContainerViewController.swift; sourceTree = "<group>"; };
		8ECD60461FA720D600133F5A /* TblAccount.swift */ = {isa = PBXFileReference; fileEncoding = 4; lastKnownFileType = sourcecode.swift; path = TblAccount.swift; sourceTree = "<group>"; };
		8ECD604A1FA7210F00133F5A /* TODO-Part3.xcdatamodel */ = {isa = PBXFileReference; lastKnownFileType = wrapper.xcdatamodel; path = "TODO-Part3.xcdatamodel"; sourceTree = "<group>"; };
		8ECD604B1FA7210F00133F5A /* CoreDataProtocol.swift */ = {isa = PBXFileReference; fileEncoding = 4; lastKnownFileType = sourcecode.swift; path = CoreDataProtocol.swift; sourceTree = "<group>"; };
		8ECD604C1FA7210F00133F5A /* AccountLocalDataImp.swift */ = {isa = PBXFileReference; fileEncoding = 4; lastKnownFileType = sourcecode.swift; path = AccountLocalDataImp.swift; sourceTree = "<group>"; };
		8ECD60501FA7217600133F5A /* SignUpPresenterImp.swift */ = {isa = PBXFileReference; fileEncoding = 4; lastKnownFileType = sourcecode.swift; path = SignUpPresenterImp.swift; sourceTree = "<group>"; };
		8ECD60511FA7217600133F5A /* SignUpContract.swift */ = {isa = PBXFileReference; fileEncoding = 4; lastKnownFileType = sourcecode.swift; path = SignUpContract.swift; sourceTree = "<group>"; };
		8ECD60541FA721C000133F5A /* AppDelegate.swift */ = {isa = PBXFileReference; fileEncoding = 4; lastKnownFileType = sourcecode.swift; path = AppDelegate.swift; sourceTree = "<group>"; };
/* End PBXFileReference section */

/* Begin PBXFrameworksBuildPhase section */
		23AAEDBA1F9ED1120055702B /* Frameworks */ = {
			isa = PBXFrameworksBuildPhase;
			buildActionMask = 2147483647;
			files = (
			);
			runOnlyForDeploymentPostprocessing = 0;
		};
		23AAEDCE1F9ED1130055702B /* Frameworks */ = {
			isa = PBXFrameworksBuildPhase;
			buildActionMask = 2147483647;
			files = (
			);
			runOnlyForDeploymentPostprocessing = 0;
		};
		23AAEDD91F9ED1130055702B /* Frameworks */ = {
			isa = PBXFrameworksBuildPhase;
			buildActionMask = 2147483647;
			files = (
			);
			runOnlyForDeploymentPostprocessing = 0;
		};
/* End PBXFrameworksBuildPhase section */

/* Begin PBXGroup section */
		23AAEDB41F9ED1120055702B = {
			isa = PBXGroup;
			children = (
				8EBAFE351FA2EA0B00B8C40E /* TextFieldEffects */,
				23AAEDBF1F9ED1120055702B /* TODO-Part3 */,
				23AAEDD41F9ED1130055702B /* TODO-Part3Tests */,
				23AAEDDF1F9ED1130055702B /* TODO-Part3UITests */,
				23AAEDBE1F9ED1120055702B /* Products */,
			);
			sourceTree = "<group>";
		};
		23AAEDBE1F9ED1120055702B /* Products */ = {
			isa = PBXGroup;
			children = (
				23AAEDBD1F9ED1120055702B /* TODO-Part3.app */,
				23AAEDD11F9ED1130055702B /* TODO-Part3Tests.xctest */,
				23AAEDDC1F9ED1130055702B /* TODO-Part3UITests.xctest */,
			);
			name = Products;
			sourceTree = "<group>";
		};
		23AAEDBF1F9ED1120055702B /* TODO-Part3 */ = {
			isa = PBXGroup;
			children = (
				8E962F161FC2872300E2F236 /* Calendar */,
				8E52DA701FBE768E00C352C3 /* Profile */,
				8E52DA6B1FBE6BCC00C352C3 /* Setting */,
				8E01C7881FBC1CC7001534D9 /* List */,
				8E4054D51FB9350F00803F89 /* Status */,
				8E1274931FB407B600D71CEC /* Groups */,
				8E7865EB1FA9CA3300EF82DD /* Home */,
				8ECD60481FA720FA00133F5A /* CoreData */,
				8EBAFDDF1FA2CF7E00B8C40E /* SignUp */,
				8EBAFDDE1FA2CF7600B8C40E /* SignIn */,
				23D1C3E71F9EEE9800074FBE /* Image */,
				8E110C5A1FA33E59005A661C /* Main.storyboard */,
				8ECD60541FA721C000133F5A /* AppDelegate.swift */,
				23AAEDC71F9ED1130055702B /* Assets.xcassets */,
				23AAEDC91F9ED1130055702B /* LaunchScreen.storyboard */,
				23AAEDCC1F9ED1130055702B /* Info.plist */,
			);
			path = "TODO-Part3";
			sourceTree = "<group>";
		};
		23AAEDD41F9ED1130055702B /* TODO-Part3Tests */ = {
			isa = PBXGroup;
			children = (
				23AAEDD51F9ED1130055702B /* TODO_Part3Tests.swift */,
				23AAEDD71F9ED1130055702B /* Info.plist */,
			);
			path = "TODO-Part3Tests";
			sourceTree = "<group>";
		};
		23AAEDDF1F9ED1130055702B /* TODO-Part3UITests */ = {
			isa = PBXGroup;
			children = (
				23AAEDE01F9ED1130055702B /* TODO_Part3UITests.swift */,
				23AAEDE21F9ED1130055702B /* Info.plist */,
			);
			path = "TODO-Part3UITests";
			sourceTree = "<group>";
		};
		23D1C3E71F9EEE9800074FBE /* Image */ = {
			isa = PBXGroup;
			children = (
				8E022F3C1FB3F93000CDE9EF /* close.png */,
				8E022F3D1FB3F93000CDE9EF /* food.png */,
				8E022F3F1FB3F93100CDE9EF /* logout.png */,
				8E022F3A1FB3F92F00CDE9EF /* navibackground.png */,
				8E022F3E1FB3F93100CDE9EF /* setting.png */,
				8E022F401FB3F93200CDE9EF /* vacation.png */,
				8E022F3B1FB3F93000CDE9EF /* work.png */,
				8E7865E91FA9BDA000EF82DD /* icon-disclosure.png */,
				8E7865E51FA9BCAB00EF82DD /* notiBackground.png */,
				8E7865E31FA9B85E00EF82DD /* icon-menu.png */,
				8E7865DD1FA9B58900EF82DD /* avatar.png */,
				8E7865DF1FA9B58A00EF82DD /* dateBackground.png */,
				8E7865DE1FA9B58A00EF82DD /* homeBackground.png */,
				8E1D85771FA2C74600284F3A /* AddButton.png */,
				8E1D85751FA2C74600284F3A /* background.png */,
				8E1D85741FA2C74600284F3A /* HeaderBackground.png */,
				8E1D85761FA2C74600284F3A /* logo.png */,
			);
			path = Image;
			sourceTree = "<group>";
		};
		8E01C7811FBBFC59001534D9 /* Presenter */ = {
			isa = PBXGroup;
			children = (
				8E01C7841FBC169D001534D9 /* CreateStatusPresenterIpm.swift */,
			);
			path = Presenter;
			sourceTree = "<group>";
		};
		8E01C7881FBC1CC7001534D9 /* List */ = {
			isa = PBXGroup;
			children = (
				8E01C78A1FBC20DC001534D9 /* Presenter */,
				8E01C7891FBC20D7001534D9 /* View */,
			);
			path = List;
			sourceTree = "<group>";
		};
		8E01C7891FBC20D7001534D9 /* View */ = {
			isa = PBXGroup;
			children = (
				8E01C7861FBC1CA3001534D9 /* ListViewController.swift */,
				8E14FB211FBD24E800DBFEFF /* StatusCell.swift */,
			);
			path = View;
			sourceTree = "<group>";
		};
		8E01C78A1FBC20DC001534D9 /* Presenter */ = {
			isa = PBXGroup;
			children = (
				8E01C78B1FBC20FF001534D9 /* ListPresenter.swift */,
			);
			path = Presenter;
			sourceTree = "<group>";
		};
		8E1274931FB407B600D71CEC /* Groups */ = {
			isa = PBXGroup;
			children = (
				8E6868661FBACFE600AC2F55 /* Model */,
				8E6868641FBA996200AC2F55 /* Presenter */,
				8E6868631FBA995000AC2F55 /* View */,
			);
			path = Groups;
			sourceTree = "<group>";
		};
		8E4054D51FB9350F00803F89 /* Status */ = {
			isa = PBXGroup;
			children = (
				8E01C7811FBBFC59001534D9 /* Presenter */,
				8E6868651FBA997A00AC2F55 /* View */,
				8E01C7821FBC15A6001534D9 /* CreateStatusProtocol.swift */,
			);
			path = Status;
			sourceTree = "<group>";
		};
		8E52DA6B1FBE6BCC00C352C3 /* Setting */ = {
			isa = PBXGroup;
			children = (
				8E52DA6D1FBE6C5900C352C3 /* Presenter */,
				8E52DA6C1FBE6C4C00C352C3 /* View */,
				8E52DA7F1FBEC2E700C352C3 /* SettingProtocol.swift */,
			);
			path = Setting;
			sourceTree = "<group>";
		};
		8E52DA6C1FBE6C4C00C352C3 /* View */ = {
			isa = PBXGroup;
			children = (
				8E52DA791FBE8A9800C352C3 /* SettingViewController.swift */,
				8E52DA7D1FBE974400C352C3 /* SettingTableViewController.swift */,
			);
			path = View;
			sourceTree = "<group>";
		};
		8E52DA6D1FBE6C5900C352C3 /* Presenter */ = {
			isa = PBXGroup;
			children = (
				8E52DA7B1FBE914900C352C3 /* SettingPresenterImp.swift */,
			);
			path = Presenter;
			sourceTree = "<group>";
		};
		8E52DA701FBE768E00C352C3 /* Profile */ = {
			isa = PBXGroup;
			children = (
				8E52DA721FBE769E00C352C3 /* Presenter */,
				8E52DA711FBE769800C352C3 /* View */,
			);
			path = Profile;
			sourceTree = "<group>";
		};
		8E52DA711FBE769800C352C3 /* View */ = {
			isa = PBXGroup;
			children = (
				8E52DA731FBE76B200C352C3 /* ProfileViewController.swift */,
				8E52DA751FBE76F300C352C3 /* ItemProfileCell.swift */,
			);
			path = View;
			sourceTree = "<group>";
		};
		8E52DA721FBE769E00C352C3 /* Presenter */ = {
			isa = PBXGroup;
			children = (
				8E52DA771FBE7A5B00C352C3 /* ProfilePresenter.swift */,
			);
			path = Presenter;
			sourceTree = "<group>";
		};
		8E6868631FBA995000AC2F55 /* View */ = {
			isa = PBXGroup;
			children = (
				8E9EE5631FBA8F600023E00A /* CategoryCell.swift */,
				8E4054DA1FB999D100803F89 /* GroupsViewController.swift */,
				8E1AAE351FBD8F83008979CB /* NavigationCell.swift */,
			);
			path = View;
			sourceTree = "<group>";
		};
		8E6868641FBA996200AC2F55 /* Presenter */ = {
			isa = PBXGroup;
			children = (
				8E4054E11FB99EEC00803F89 /* CategoryPresenter.swift */,
				8E1AAE311FBD8D43008979CB /* NavigationPresenter.swift */,
			);
			path = Presenter;
			sourceTree = "<group>";
		};
		8E6868651FBA997A00AC2F55 /* View */ = {
			isa = PBXGroup;
			children = (
				8E4054D61FB9352E00803F89 /* CreateStatusViewController.swift */,
				8EBF80CE1FBAF9840016959E /* CreateContainerViewController.swift */,
			);
			path = View;
			sourceTree = "<group>";
		};
		8E6868661FBACFE600AC2F55 /* Model */ = {
			isa = PBXGroup;
			children = (
				8E6868671FBACFE600AC2F55 /* CategoryObject.swift */,
			);
			path = Model;
			sourceTree = "<group>";
		};
		8E7865DC1FA9AE5100EF82DD /* LocalData */ = {
			isa = PBXGroup;
			children = (
				8ECD604C1FA7210F00133F5A /* AccountLocalDataImp.swift */,
				8ECD604B1FA7210F00133F5A /* CoreDataProtocol.swift */,
				8ECD60491FA7210F00133F5A /* TODO_Part3.xcdatamodeld */,
				8E7865DA1FA9A45300EF82DD /* BaseLocalData.swift */,
				8EBA950C1FB5455300674EB3 /* StatusLocalDataImp.swift */,
			);
			path = LocalData;
			sourceTree = "<group>";
		};
		8E7865EB1FA9CA3300EF82DD /* Home */ = {
			isa = PBXGroup;
			children = (
				8E7865EC1FA9CA4900EF82DD /* HomeViewController.swift */,
			);
			path = Home;
			sourceTree = "<group>";
		};
		8E962F161FC2872300E2F236 /* Calendar */ = {
			isa = PBXGroup;
			children = (
				8E962F221FC2BABE00E2F236 /* Presenter */,
				8E962F211FC2BAAF00E2F236 /* View */,
			);
			path = Calendar;
			sourceTree = "<group>";
		};
		8E962F211FC2BAAF00E2F236 /* View */ = {
			isa = PBXGroup;
			children = (
				8EA212231FC3C8D40094EBC6 /* CalendarContainerViewController.swift */,
				8E962F1B1FC2872300E2F236 /* WeekDaysView.swift */,
				8E962F191FC2872300E2F236 /* MonthView.swift */,
				8E962F181FC2872300E2F236 /* CalenderView.swift */,
				8E962F171FC2872300E2F236 /* CalendarController.swift */,
			);
			path = View;
			sourceTree = "<group>";
		};
		8E962F221FC2BABE00E2F236 /* Presenter */ = {
			isa = PBXGroup;
			children = (
			);
			path = Presenter;
			sourceTree = "<group>";
		};
		8EBAFDDE1FA2CF7600B8C40E /* SignIn */ = {
			isa = PBXGroup;
			children = (
				8E7F51491FB0602700ABD7DD /* SignInContract.swift */,
				8E7F514A1FB0602700ABD7DD /* SignInPresenterIpm.swift */,
				8EBAFDE61FA2D4A700B8C40E /* SignInViewController.swift */,
			);
			path = SignIn;
			sourceTree = "<group>";
		};
		8EBAFDDF1FA2CF7E00B8C40E /* SignUp */ = {
			isa = PBXGroup;
			children = (
				8ECD60511FA7217600133F5A /* SignUpContract.swift */,
				8ECD60501FA7217600133F5A /* SignUpPresenterImp.swift */,
				8EBAFDE41FA2D49F00B8C40E /* SignUpViewController.swift */,
			);
			path = SignUp;
			sourceTree = "<group>";
		};
		8EBAFE351FA2EA0B00B8C40E /* TextFieldEffects */ = {
			isa = PBXGroup;
			children = (
				8EBAFE361FA2EA2700B8C40E /* HoshiTextField.swift */,
				8EBAFE381FA2EA2700B8C40E /* TextFieldEffects.h */,
				8EBAFE371FA2EA2700B8C40E /* TextFieldEffects.swift */,
			);
			name = TextFieldEffects;
			path = "New Group";
			sourceTree = "<group>";
		};
		8ECD60451FA7205200133F5A /* Model */ = {
			isa = PBXGroup;
			children = (
				8ECD60461FA720D600133F5A /* TblAccount.swift */,
				8EBA95081FB5416900674EB3 /* TblStatus.swift */,
			);
			path = Model;
			sourceTree = "<group>";
		};
		8ECD60481FA720FA00133F5A /* CoreData */ = {
			isa = PBXGroup;
			children = (
				8E7865DC1FA9AE5100EF82DD /* LocalData */,
				8ECD60451FA7205200133F5A /* Model */,
			);
			path = CoreData;
			sourceTree = "<group>";
		};
/* End PBXGroup section */

/* Begin PBXNativeTarget section */
		23AAEDBC1F9ED1120055702B /* TODO-Part3 */ = {
			isa = PBXNativeTarget;
			buildConfigurationList = 23AAEDE51F9ED1130055702B /* Build configuration list for PBXNativeTarget "TODO-Part3" */;
			buildPhases = (
				23AAEDB91F9ED1120055702B /* Sources */,
				23AAEDBA1F9ED1120055702B /* Frameworks */,
				23AAEDBB1F9ED1120055702B /* Resources */,
			);
			buildRules = (
			);
			dependencies = (
			);
			name = "TODO-Part3";
			productName = "TODO-Part3";
			productReference = 23AAEDBD1F9ED1120055702B /* TODO-Part3.app */;
			productType = "com.apple.product-type.application";
		};
		23AAEDD01F9ED1130055702B /* TODO-Part3Tests */ = {
			isa = PBXNativeTarget;
			buildConfigurationList = 23AAEDE81F9ED1130055702B /* Build configuration list for PBXNativeTarget "TODO-Part3Tests" */;
			buildPhases = (
				23AAEDCD1F9ED1130055702B /* Sources */,
				23AAEDCE1F9ED1130055702B /* Frameworks */,
				23AAEDCF1F9ED1130055702B /* Resources */,
			);
			buildRules = (
			);
			dependencies = (
				23AAEDD31F9ED1130055702B /* PBXTargetDependency */,
			);
			name = "TODO-Part3Tests";
			productName = "TODO-Part3Tests";
			productReference = 23AAEDD11F9ED1130055702B /* TODO-Part3Tests.xctest */;
			productType = "com.apple.product-type.bundle.unit-test";
		};
		23AAEDDB1F9ED1130055702B /* TODO-Part3UITests */ = {
			isa = PBXNativeTarget;
			buildConfigurationList = 23AAEDEB1F9ED1130055702B /* Build configuration list for PBXNativeTarget "TODO-Part3UITests" */;
			buildPhases = (
				23AAEDD81F9ED1130055702B /* Sources */,
				23AAEDD91F9ED1130055702B /* Frameworks */,
				23AAEDDA1F9ED1130055702B /* Resources */,
			);
			buildRules = (
			);
			dependencies = (
				23AAEDDE1F9ED1130055702B /* PBXTargetDependency */,
			);
			name = "TODO-Part3UITests";
			productName = "TODO-Part3UITests";
			productReference = 23AAEDDC1F9ED1130055702B /* TODO-Part3UITests.xctest */;
			productType = "com.apple.product-type.bundle.ui-testing";
		};
/* End PBXNativeTarget section */

/* Begin PBXProject section */
		23AAEDB51F9ED1120055702B /* Project object */ = {
			isa = PBXProject;
			attributes = {
				LastSwiftUpdateCheck = 0900;
				LastUpgradeCheck = 0900;
				ORGANIZATIONNAME = Framgia;
				TargetAttributes = {
					23AAEDBC1F9ED1120055702B = {
						CreatedOnToolsVersion = 9.0.1;
						ProvisioningStyle = Automatic;
					};
					23AAEDD01F9ED1130055702B = {
						CreatedOnToolsVersion = 9.0.1;
						ProvisioningStyle = Automatic;
						TestTargetID = 23AAEDBC1F9ED1120055702B;
					};
					23AAEDDB1F9ED1130055702B = {
						CreatedOnToolsVersion = 9.0.1;
						ProvisioningStyle = Automatic;
						TestTargetID = 23AAEDBC1F9ED1120055702B;
					};
				};
			};
			buildConfigurationList = 23AAEDB81F9ED1120055702B /* Build configuration list for PBXProject "TODO-Part3" */;
			compatibilityVersion = "Xcode 8.0";
			developmentRegion = en;
			hasScannedForEncodings = 0;
			knownRegions = (
				en,
				Base,
			);
			mainGroup = 23AAEDB41F9ED1120055702B;
			productRefGroup = 23AAEDBE1F9ED1120055702B /* Products */;
			projectDirPath = "";
			projectRoot = "";
			targets = (
				23AAEDBC1F9ED1120055702B /* TODO-Part3 */,
				23AAEDD01F9ED1130055702B /* TODO-Part3Tests */,
				23AAEDDB1F9ED1130055702B /* TODO-Part3UITests */,
			);
		};
/* End PBXProject section */

/* Begin PBXResourcesBuildPhase section */
		23AAEDBB1F9ED1120055702B /* Resources */ = {
			isa = PBXResourcesBuildPhase;
			buildActionMask = 2147483647;
			files = (
				8E110C5C1FA33E5A005A661C /* Main.storyboard in Resources */,
				8E7865E21FA9B58A00EF82DD /* dateBackground.png in Resources */,
				8E022F431FB3F93200CDE9EF /* close.png in Resources */,
				8E1D85781FA2C74600284F3A /* HeaderBackground.png in Resources */,
				8E022F471FB3F93200CDE9EF /* vacation.png in Resources */,
				8E022F411FB3F93200CDE9EF /* navibackground.png in Resources */,
				8E7865E41FA9B85F00EF82DD /* icon-menu.png in Resources */,
				8E7865E11FA9B58A00EF82DD /* homeBackground.png in Resources */,
				8E022F441FB3F93200CDE9EF /* food.png in Resources */,
				8E1D85791FA2C74600284F3A /* background.png in Resources */,
				8E022F461FB3F93200CDE9EF /* logout.png in Resources */,
				8E1D857A1FA2C74600284F3A /* logo.png in Resources */,
				8E7865E71FA9BCAB00EF82DD /* notiBackground.png in Resources */,
				8E7865EA1FA9BDA000EF82DD /* icon-disclosure.png in Resources */,
				8E7865E01FA9B58A00EF82DD /* avatar.png in Resources */,
				8E022F421FB3F93200CDE9EF /* work.png in Resources */,
				8E022F451FB3F93200CDE9EF /* setting.png in Resources */,
				23AAEDCB1F9ED1130055702B /* LaunchScreen.storyboard in Resources */,
				8E1D857B1FA2C74600284F3A /* AddButton.png in Resources */,
				23AAEDC81F9ED1130055702B /* Assets.xcassets in Resources */,
			);
			runOnlyForDeploymentPostprocessing = 0;
		};
		23AAEDCF1F9ED1130055702B /* Resources */ = {
			isa = PBXResourcesBuildPhase;
			buildActionMask = 2147483647;
			files = (
			);
			runOnlyForDeploymentPostprocessing = 0;
		};
		23AAEDDA1F9ED1130055702B /* Resources */ = {
			isa = PBXResourcesBuildPhase;
			buildActionMask = 2147483647;
			files = (
			);
			runOnlyForDeploymentPostprocessing = 0;
		};
/* End PBXResourcesBuildPhase section */

/* Begin PBXSourcesBuildPhase section */
		23AAEDB91F9ED1120055702B /* Sources */ = {
			isa = PBXSourcesBuildPhase;
			buildActionMask = 2147483647;
			files = (
				8E01C7871FBC1CA3001534D9 /* ListViewController.swift in Sources */,
				8E962F201FC2872300E2F236 /* WeekDaysView.swift in Sources */,
				8ECD60551FA721C100133F5A /* AppDelegate.swift in Sources */,
				8E4054E21FB99EEC00803F89 /* CategoryPresenter.swift in Sources */,
				8ECD604F1FA7210F00133F5A /* AccountLocalDataImp.swift in Sources */,
				8E01C7851FBC169D001534D9 /* CreateStatusPresenterIpm.swift in Sources */,
				8E52DA7A1FBE8A9800C352C3 /* SettingViewController.swift in Sources */,
				8E14FB221FBD24E800DBFEFF /* StatusCell.swift in Sources */,
				8EA212241FC3C8D40094EBC6 /* CalendarContainerViewController.swift in Sources */,
				8E52DA7C1FBE914900C352C3 /* SettingPresenterImp.swift in Sources */,
				8E52DA741FBE76B200C352C3 /* ProfileViewController.swift in Sources */,
				8E1AAE361FBD8F83008979CB /* NavigationCell.swift in Sources */,
				8E7F514B1FB0602800ABD7DD /* SignInContract.swift in Sources */,
				8EBF80CF1FBAF9840016959E /* CreateContainerViewController.swift in Sources */,
				8E962F1E1FC2872300E2F236 /* MonthView.swift in Sources */,
				8E52DA781FBE7A5B00C352C3 /* ProfilePresenter.swift in Sources */,
				8E1AAE321FBD8D43008979CB /* NavigationPresenter.swift in Sources */,
				8E7865DB1FA9A45300EF82DD /* BaseLocalData.swift in Sources */,
				8E4054DC1FB999D100803F89 /* GroupsViewController.swift in Sources */,
				8ECD60521FA7217600133F5A /* SignUpPresenterImp.swift in Sources */,
				8E01C78C1FBC20FF001534D9 /* ListPresenter.swift in Sources */,
				8E7865ED1FA9CA4900EF82DD /* HomeViewController.swift in Sources */,
				8ECD60531FA7217600133F5A /* SignUpContract.swift in Sources */,
				8E962F1C1FC2872300E2F236 /* CalendarController.swift in Sources */,
				8EBAFDE71FA2D4A700B8C40E /* SignInViewController.swift in Sources */,
				8E9EE5651FBA8F600023E00A /* CategoryCell.swift in Sources */,
				8E7F514C1FB0602800ABD7DD /* SignInPresenterIpm.swift in Sources */,
				8EBAFE3A1FA2EA2700B8C40E /* TextFieldEffects.swift in Sources */,
				8E52DA7E1FBE974400C352C3 /* SettingTableViewController.swift in Sources */,
				8ECD604E1FA7210F00133F5A /* CoreDataProtocol.swift in Sources */,
				8EBA95091FB5416900674EB3 /* TblStatus.swift in Sources */,
				8E52DA761FBE76F300C352C3 /* ItemProfileCell.swift in Sources */,
				8EBA950D1FB5455300674EB3 /* StatusLocalDataImp.swift in Sources */,
				8E52DA801FBEC2E700C352C3 /* SettingProtocol.swift in Sources */,
				8E01C7831FBC15A6001534D9 /* CreateStatusProtocol.swift in Sources */,
				8EBAFDE51FA2D49F00B8C40E /* SignUpViewController.swift in Sources */,
				8E4054D71FB9352E00803F89 /* CreateStatusViewController.swift in Sources */,
				8EBAFE391FA2EA2700B8C40E /* HoshiTextField.swift in Sources */,
				8ECD604D1FA7210F00133F5A /* TODO_Part3.xcdatamodeld in Sources */,
				8ECD60471FA720D600133F5A /* TblAccount.swift in Sources */,
				8E962F1D1FC2872300E2F236 /* CalenderView.swift in Sources */,
				8E6868681FBACFE600AC2F55 /* CategoryObject.swift in Sources */,
			);
			runOnlyForDeploymentPostprocessing = 0;
		};
		23AAEDCD1F9ED1130055702B /* Sources */ = {
			isa = PBXSourcesBuildPhase;
			buildActionMask = 2147483647;
			files = (
				23AAEDD61F9ED1130055702B /* TODO_Part3Tests.swift in Sources */,
			);
			runOnlyForDeploymentPostprocessing = 0;
		};
		23AAEDD81F9ED1130055702B /* Sources */ = {
			isa = PBXSourcesBuildPhase;
			buildActionMask = 2147483647;
			files = (
				23AAEDE11F9ED1130055702B /* TODO_Part3UITests.swift in Sources */,
			);
			runOnlyForDeploymentPostprocessing = 0;
		};
/* End PBXSourcesBuildPhase section */

/* Begin PBXTargetDependency section */
		23AAEDD31F9ED1130055702B /* PBXTargetDependency */ = {
			isa = PBXTargetDependency;
			target = 23AAEDBC1F9ED1120055702B /* TODO-Part3 */;
			targetProxy = 23AAEDD21F9ED1130055702B /* PBXContainerItemProxy */;
		};
		23AAEDDE1F9ED1130055702B /* PBXTargetDependency */ = {
			isa = PBXTargetDependency;
			target = 23AAEDBC1F9ED1120055702B /* TODO-Part3 */;
			targetProxy = 23AAEDDD1F9ED1130055702B /* PBXContainerItemProxy */;
		};
/* End PBXTargetDependency section */

/* Begin PBXVariantGroup section */
		23AAEDC91F9ED1130055702B /* LaunchScreen.storyboard */ = {
			isa = PBXVariantGroup;
			children = (
				23AAEDCA1F9ED1130055702B /* Base */,
			);
			name = LaunchScreen.storyboard;
			sourceTree = "<group>";
		};
		8E110C5A1FA33E59005A661C /* Main.storyboard */ = {
			isa = PBXVariantGroup;
			children = (
				8E110C5B1FA33E59005A661C /* Base */,
			);
			name = Main.storyboard;
			sourceTree = "<group>";
		};
/* End PBXVariantGroup section */

/* Begin XCBuildConfiguration section */
		23AAEDE31F9ED1130055702B /* Debug */ = {
			isa = XCBuildConfiguration;
			buildSettings = {
				ALWAYS_SEARCH_USER_PATHS = NO;
				CLANG_ANALYZER_NONNULL = YES;
				CLANG_ANALYZER_NUMBER_OBJECT_CONVERSION = YES_AGGRESSIVE;
				CLANG_CXX_LANGUAGE_STANDARD = "gnu++14";
				CLANG_CXX_LIBRARY = "libc++";
				CLANG_ENABLE_MODULES = YES;
				CLANG_ENABLE_OBJC_ARC = YES;
				CLANG_WARN_BLOCK_CAPTURE_AUTORELEASING = YES;
				CLANG_WARN_BOOL_CONVERSION = YES;
				CLANG_WARN_COMMA = YES;
				CLANG_WARN_CONSTANT_CONVERSION = YES;
				CLANG_WARN_DIRECT_OBJC_ISA_USAGE = YES_ERROR;
				CLANG_WARN_DOCUMENTATION_COMMENTS = YES;
				CLANG_WARN_EMPTY_BODY = YES;
				CLANG_WARN_ENUM_CONVERSION = YES;
				CLANG_WARN_INFINITE_RECURSION = YES;
				CLANG_WARN_INT_CONVERSION = YES;
				CLANG_WARN_NON_LITERAL_NULL_CONVERSION = YES;
				CLANG_WARN_OBJC_LITERAL_CONVERSION = YES;
				CLANG_WARN_OBJC_ROOT_CLASS = YES_ERROR;
				CLANG_WARN_RANGE_LOOP_ANALYSIS = YES;
				CLANG_WARN_STRICT_PROTOTYPES = YES;
				CLANG_WARN_SUSPICIOUS_MOVE = YES;
				CLANG_WARN_UNGUARDED_AVAILABILITY = YES_AGGRESSIVE;
				CLANG_WARN_UNREACHABLE_CODE = YES;
				CLANG_WARN__DUPLICATE_METHOD_MATCH = YES;
				CODE_SIGN_IDENTITY = "iPhone Developer";
				COPY_PHASE_STRIP = NO;
				DEBUG_INFORMATION_FORMAT = dwarf;
				ENABLE_STRICT_OBJC_MSGSEND = YES;
				ENABLE_TESTABILITY = YES;
				GCC_C_LANGUAGE_STANDARD = gnu11;
				GCC_DYNAMIC_NO_PIC = NO;
				GCC_NO_COMMON_BLOCKS = YES;
				GCC_OPTIMIZATION_LEVEL = 0;
				GCC_PREPROCESSOR_DEFINITIONS = (
					"DEBUG=1",
					"$(inherited)",
				);
				GCC_WARN_64_TO_32_BIT_CONVERSION = YES;
				GCC_WARN_ABOUT_RETURN_TYPE = YES_ERROR;
				GCC_WARN_UNDECLARED_SELECTOR = YES;
				GCC_WARN_UNINITIALIZED_AUTOS = YES_AGGRESSIVE;
				GCC_WARN_UNUSED_FUNCTION = YES;
				GCC_WARN_UNUSED_VARIABLE = YES;
				IPHONEOS_DEPLOYMENT_TARGET = 11.0;
				MTL_ENABLE_DEBUG_INFO = YES;
				ONLY_ACTIVE_ARCH = YES;
				SDKROOT = iphoneos;
				SWIFT_ACTIVE_COMPILATION_CONDITIONS = DEBUG;
				SWIFT_OPTIMIZATION_LEVEL = "-Onone";
			};
			name = Debug;
		};
		23AAEDE41F9ED1130055702B /* Release */ = {
			isa = XCBuildConfiguration;
			buildSettings = {
				ALWAYS_SEARCH_USER_PATHS = NO;
				CLANG_ANALYZER_NONNULL = YES;
				CLANG_ANALYZER_NUMBER_OBJECT_CONVERSION = YES_AGGRESSIVE;
				CLANG_CXX_LANGUAGE_STANDARD = "gnu++14";
				CLANG_CXX_LIBRARY = "libc++";
				CLANG_ENABLE_MODULES = YES;
				CLANG_ENABLE_OBJC_ARC = YES;
				CLANG_WARN_BLOCK_CAPTURE_AUTORELEASING = YES;
				CLANG_WARN_BOOL_CONVERSION = YES;
				CLANG_WARN_COMMA = YES;
				CLANG_WARN_CONSTANT_CONVERSION = YES;
				CLANG_WARN_DIRECT_OBJC_ISA_USAGE = YES_ERROR;
				CLANG_WARN_DOCUMENTATION_COMMENTS = YES;
				CLANG_WARN_EMPTY_BODY = YES;
				CLANG_WARN_ENUM_CONVERSION = YES;
				CLANG_WARN_INFINITE_RECURSION = YES;
				CLANG_WARN_INT_CONVERSION = YES;
				CLANG_WARN_NON_LITERAL_NULL_CONVERSION = YES;
				CLANG_WARN_OBJC_LITERAL_CONVERSION = YES;
				CLANG_WARN_OBJC_ROOT_CLASS = YES_ERROR;
				CLANG_WARN_RANGE_LOOP_ANALYSIS = YES;
				CLANG_WARN_STRICT_PROTOTYPES = YES;
				CLANG_WARN_SUSPICIOUS_MOVE = YES;
				CLANG_WARN_UNGUARDED_AVAILABILITY = YES_AGGRESSIVE;
				CLANG_WARN_UNREACHABLE_CODE = YES;
				CLANG_WARN__DUPLICATE_METHOD_MATCH = YES;
				CODE_SIGN_IDENTITY = "iPhone Developer";
				COPY_PHASE_STRIP = NO;
				DEBUG_INFORMATION_FORMAT = "dwarf-with-dsym";
				ENABLE_NS_ASSERTIONS = NO;
				ENABLE_STRICT_OBJC_MSGSEND = YES;
				GCC_C_LANGUAGE_STANDARD = gnu11;
				GCC_NO_COMMON_BLOCKS = YES;
				GCC_WARN_64_TO_32_BIT_CONVERSION = YES;
				GCC_WARN_ABOUT_RETURN_TYPE = YES_ERROR;
				GCC_WARN_UNDECLARED_SELECTOR = YES;
				GCC_WARN_UNINITIALIZED_AUTOS = YES_AGGRESSIVE;
				GCC_WARN_UNUSED_FUNCTION = YES;
				GCC_WARN_UNUSED_VARIABLE = YES;
				IPHONEOS_DEPLOYMENT_TARGET = 11.0;
				MTL_ENABLE_DEBUG_INFO = NO;
				SDKROOT = iphoneos;
				SWIFT_OPTIMIZATION_LEVEL = "-Owholemodule";
				VALIDATE_PRODUCT = YES;
			};
			name = Release;
		};
		23AAEDE61F9ED1130055702B /* Debug */ = {
			isa = XCBuildConfiguration;
			buildSettings = {
				ASSETCATALOG_COMPILER_APPICON_NAME = AppIcon;
				CODE_SIGN_STYLE = Automatic;
				DEVELOPMENT_TEAM = PA26RSHY38;
				INFOPLIST_FILE = "TODO-Part3/Info.plist";
				LD_RUNPATH_SEARCH_PATHS = "$(inherited) @executable_path/Frameworks";
				PRODUCT_BUNDLE_IDENTIFIER = "Framgia.TODO-Part3";
				PRODUCT_NAME = "$(TARGET_NAME)";
				SWIFT_VERSION = 4.0;
				TARGETED_DEVICE_FAMILY = "1,2";
			};
			name = Debug;
		};
		23AAEDE71F9ED1130055702B /* Release */ = {
			isa = XCBuildConfiguration;
			buildSettings = {
				ASSETCATALOG_COMPILER_APPICON_NAME = AppIcon;
				CODE_SIGN_STYLE = Automatic;
				DEVELOPMENT_TEAM = PA26RSHY38;
				INFOPLIST_FILE = "TODO-Part3/Info.plist";
				LD_RUNPATH_SEARCH_PATHS = "$(inherited) @executable_path/Frameworks";
				PRODUCT_BUNDLE_IDENTIFIER = "Framgia.TODO-Part3";
				PRODUCT_NAME = "$(TARGET_NAME)";
				SWIFT_VERSION = 4.0;
				TARGETED_DEVICE_FAMILY = "1,2";
			};
			name = Release;
		};
		23AAEDE91F9ED1130055702B /* Debug */ = {
			isa = XCBuildConfiguration;
			buildSettings = {
				ALWAYS_EMBED_SWIFT_STANDARD_LIBRARIES = YES;
				BUNDLE_LOADER = "$(TEST_HOST)";
				CODE_SIGN_STYLE = Automatic;
				INFOPLIST_FILE = "TODO-Part3Tests/Info.plist";
				LD_RUNPATH_SEARCH_PATHS = "$(inherited) @executable_path/Frameworks @loader_path/Frameworks";
				PRODUCT_BUNDLE_IDENTIFIER = "Framgia.TODO-Part3Tests";
				PRODUCT_NAME = "$(TARGET_NAME)";
				SWIFT_VERSION = 4.0;
				TARGETED_DEVICE_FAMILY = "1,2";
				TEST_HOST = "$(BUILT_PRODUCTS_DIR)/TODO-Part3.app/TODO-Part3";
			};
			name = Debug;
		};
		23AAEDEA1F9ED1130055702B /* Release */ = {
			isa = XCBuildConfiguration;
			buildSettings = {
				ALWAYS_EMBED_SWIFT_STANDARD_LIBRARIES = YES;
				BUNDLE_LOADER = "$(TEST_HOST)";
				CODE_SIGN_STYLE = Automatic;
				INFOPLIST_FILE = "TODO-Part3Tests/Info.plist";
				LD_RUNPATH_SEARCH_PATHS = "$(inherited) @executable_path/Frameworks @loader_path/Frameworks";
				PRODUCT_BUNDLE_IDENTIFIER = "Framgia.TODO-Part3Tests";
				PRODUCT_NAME = "$(TARGET_NAME)";
				SWIFT_VERSION = 4.0;
				TARGETED_DEVICE_FAMILY = "1,2";
				TEST_HOST = "$(BUILT_PRODUCTS_DIR)/TODO-Part3.app/TODO-Part3";
			};
			name = Release;
		};
		23AAEDEC1F9ED1130055702B /* Debug */ = {
			isa = XCBuildConfiguration;
			buildSettings = {
				ALWAYS_EMBED_SWIFT_STANDARD_LIBRARIES = YES;
				CODE_SIGN_STYLE = Automatic;
				INFOPLIST_FILE = "TODO-Part3UITests/Info.plist";
				LD_RUNPATH_SEARCH_PATHS = "$(inherited) @executable_path/Frameworks @loader_path/Frameworks";
				PRODUCT_BUNDLE_IDENTIFIER = "Framgia.TODO-Part3UITests";
				PRODUCT_NAME = "$(TARGET_NAME)";
				SWIFT_VERSION = 4.0;
				TARGETED_DEVICE_FAMILY = "1,2";
				TEST_TARGET_NAME = "TODO-Part3";
			};
			name = Debug;
		};
		23AAEDED1F9ED1130055702B /* Release */ = {
			isa = XCBuildConfiguration;
			buildSettings = {
				ALWAYS_EMBED_SWIFT_STANDARD_LIBRARIES = YES;
				CODE_SIGN_STYLE = Automatic;
				INFOPLIST_FILE = "TODO-Part3UITests/Info.plist";
				LD_RUNPATH_SEARCH_PATHS = "$(inherited) @executable_path/Frameworks @loader_path/Frameworks";
				PRODUCT_BUNDLE_IDENTIFIER = "Framgia.TODO-Part3UITests";
				PRODUCT_NAME = "$(TARGET_NAME)";
				SWIFT_VERSION = 4.0;
				TARGETED_DEVICE_FAMILY = "1,2";
				TEST_TARGET_NAME = "TODO-Part3";
			};
			name = Release;
		};
/* End XCBuildConfiguration section */

/* Begin XCConfigurationList section */
		23AAEDB81F9ED1120055702B /* Build configuration list for PBXProject "TODO-Part3" */ = {
			isa = XCConfigurationList;
			buildConfigurations = (
				23AAEDE31F9ED1130055702B /* Debug */,
				23AAEDE41F9ED1130055702B /* Release */,
			);
			defaultConfigurationIsVisible = 0;
			defaultConfigurationName = Release;
		};
		23AAEDE51F9ED1130055702B /* Build configuration list for PBXNativeTarget "TODO-Part3" */ = {
			isa = XCConfigurationList;
			buildConfigurations = (
				23AAEDE61F9ED1130055702B /* Debug */,
				23AAEDE71F9ED1130055702B /* Release */,
			);
			defaultConfigurationIsVisible = 0;
			defaultConfigurationName = Release;
		};
		23AAEDE81F9ED1130055702B /* Build configuration list for PBXNativeTarget "TODO-Part3Tests" */ = {
			isa = XCConfigurationList;
			buildConfigurations = (
				23AAEDE91F9ED1130055702B /* Debug */,
				23AAEDEA1F9ED1130055702B /* Release */,
			);
			defaultConfigurationIsVisible = 0;
			defaultConfigurationName = Release;
		};
		23AAEDEB1F9ED1130055702B /* Build configuration list for PBXNativeTarget "TODO-Part3UITests" */ = {
			isa = XCConfigurationList;
			buildConfigurations = (
				23AAEDEC1F9ED1130055702B /* Debug */,
				23AAEDED1F9ED1130055702B /* Release */,
			);
			defaultConfigurationIsVisible = 0;
			defaultConfigurationName = Release;
		};
/* End XCConfigurationList section */

/* Begin XCVersionGroup section */
		8ECD60491FA7210F00133F5A /* TODO_Part3.xcdatamodeld */ = {
			isa = XCVersionGroup;
			children = (
				8ECD604A1FA7210F00133F5A /* TODO-Part3.xcdatamodel */,
			);
			currentVersion = 8ECD604A1FA7210F00133F5A /* TODO-Part3.xcdatamodel */;
			path = TODO_Part3.xcdatamodeld;
			sourceTree = "<group>";
			versionGroupType = wrapper.xcdatamodel;
		};
/* End XCVersionGroup section */
	};
	rootObject = 23AAEDB51F9ED1120055702B /* Project object */;
}
